// !$*UTF8*$!
{
	archiveVersion = 1;
	classes = {
	};
	objectVersion = 48;
	objects = {

/* Begin PBXBuildFile section */
		849944E09E100E92A0CF6357 /* Pods_LABikes.framework in Frameworks */ = {isa = PBXBuildFile; fileRef = 2B6F47518B08C5349C43BD90 /* Pods_LABikes.framework */; };
		A80DA2F91FC9D63C00BC8750 /* BikeDetailVC.swift in Sources */ = {isa = PBXBuildFile; fileRef = A80DA2F71FC9D63C00BC8750 /* BikeDetailVC.swift */; };
		A80DA2FA1FC9D63C00BC8750 /* BikeDetailView.xib in Resources */ = {isa = PBXBuildFile; fileRef = A80DA2F81FC9D63C00BC8750 /* BikeDetailView.xib */; };
		A80DA2FC1FCA543700BC8750 /* Dao.swift in Sources */ = {isa = PBXBuildFile; fileRef = A80DA2FB1FCA543700BC8750 /* Dao.swift */; };
		A82D85821F9C4C2A008F9A8C /* ListVC.swift in Sources */ = {isa = PBXBuildFile; fileRef = A82D85801F9C4C2A008F9A8C /* ListVC.swift */; };
		A82D85C21F9D5523008F9A8C /* Main.storyboard in Resources */ = {isa = PBXBuildFile; fileRef = A82D85C41F9D5523008F9A8C /* Main.storyboard */; };
		A82D85D01FA5435B008F9A8C /* BikeCell.swift in Sources */ = {isa = PBXBuildFile; fileRef = A82D85CF1FA5435A008F9A8C /* BikeCell.swift */; };
		A82D85DE1FA642EC008F9A8C /* MapPopUpVC.swift in Sources */ = {isa = PBXBuildFile; fileRef = A82D85DD1FA642EC008F9A8C /* MapPopUpVC.swift */; };
		A84251801FFB5AD800A0B3EC /* WeatherVC.xib in Resources */ = {isa = PBXBuildFile; fileRef = A842517E1FFB5AD800A0B3EC /* WeatherVC.xib */; };
		A84251821FFCA21C00A0B3EC /* WeatherView.swift in Sources */ = {isa = PBXBuildFile; fileRef = A84251811FFCA21C00A0B3EC /* WeatherView.swift */; };
		A84251C02002E4CE00A0B3EC /* ColorHelper.swift in Sources */ = {isa = PBXBuildFile; fileRef = A84251BF2002E4CE00A0B3EC /* ColorHelper.swift */; };
		A84251CC200DDAC200A0B3EC /* Detail.swift in Sources */ = {isa = PBXBuildFile; fileRef = A84251CB200DDAC200A0B3EC /* Detail.swift */; };
		A8717CE51FA6DF3900B36FB2 /* ViewExtension.swift in Sources */ = {isa = PBXBuildFile; fileRef = A8717CE41FA6DF3900B36FB2 /* ViewExtension.swift */; };
		A8A7702A1FE729A100CD1A89 /* AdjustFavoriteDelegate.swift in Sources */ = {isa = PBXBuildFile; fileRef = A8A770291FE729A100CD1A89 /* AdjustFavoriteDelegate.swift */; };
		A8BCA28D1F8077F100F330A5 /* AppDelegate.swift in Sources */ = {isa = PBXBuildFile; fileRef = A8BCA28C1F8077F100F330A5 /* AppDelegate.swift */; };
		A8BCA2941F8077F100F330A5 /* Assets.xcassets in Resources */ = {isa = PBXBuildFile; fileRef = A8BCA2931F8077F100F330A5 /* Assets.xcassets */; };
		A8BCA2971F8077F100F330A5 /* LaunchScreen.storyboard in Resources */ = {isa = PBXBuildFile; fileRef = A8BCA2951F8077F100F330A5 /* LaunchScreen.storyboard */; };
		A8BCA2A21F8077F200F330A5 /* LABikesTests.swift in Sources */ = {isa = PBXBuildFile; fileRef = A8BCA2A11F8077F200F330A5 /* LABikesTests.swift */; };
		A8BCA2AD1F8077F200F330A5 /* LABikesUITests.swift in Sources */ = {isa = PBXBuildFile; fileRef = A8BCA2AC1F8077F200F330A5 /* LABikesUITests.swift */; };
		A8BCA2C11F807CAB00F330A5 /* Bike.swift in Sources */ = {isa = PBXBuildFile; fileRef = A8BCA2C01F807CAB00F330A5 /* Bike.swift */; };
		A8BCA2C51F80972E00F330A5 /* Constants.swift in Sources */ = {isa = PBXBuildFile; fileRef = A8BCA2C41F80972E00F330A5 /* Constants.swift */; };
		A8BCA2C81F80BA6E00F330A5 /* RootVC.swift in Sources */ = {isa = PBXBuildFile; fileRef = A8BCA2C61F80BA6E00F330A5 /* RootVC.swift */; };
		A8BCA2CF1F818A3C00F330A5 /* IntExtension.swift in Sources */ = {isa = PBXBuildFile; fileRef = A8BCA2CE1F818A3C00F330A5 /* IntExtension.swift */; };
		A8BCA2D61F81FA3800F330A5 /* BikePointAnnotation.swift in Sources */ = {isa = PBXBuildFile; fileRef = A8BCA2D51F81FA3800F330A5 /* BikePointAnnotation.swift */; };
		A8ED8BEB1FE8E7A600E9249E /* Location.swift in Sources */ = {isa = PBXBuildFile; fileRef = A8ED8BEA1FE8E7A600E9249E /* Location.swift */; };
		A8ED8BEE1FEB7BA300E9249E /* APIManager.swift in Sources */ = {isa = PBXBuildFile; fileRef = A8ED8BED1FEB7BA300E9249E /* APIManager.swift */; };
		A8ED8BF01FEB8D5F00E9249E /* DataManager.swift in Sources */ = {isa = PBXBuildFile; fileRef = A8ED8BEF1FEB8D5F00E9249E /* DataManager.swift */; };
		A8FE71AF1FEE1C5A009D50D1 /* Alert.swift in Sources */ = {isa = PBXBuildFile; fileRef = A8FE71AE1FEE1C5A009D50D1 /* Alert.swift */; };
		A8FE71B51FF05192009D50D1 /* TemperatureHelper.swift in Sources */ = {isa = PBXBuildFile; fileRef = A8FE71B41FF05192009D50D1 /* TemperatureHelper.swift */; };
		A8FE71B91FF1DCBE009D50D1 /* Direction.swift in Sources */ = {isa = PBXBuildFile; fileRef = A8FE71B81FF1DCBE009D50D1 /* Direction.swift */; };
		A8FE71BF1FF836AD009D50D1 /* MapIcon.swift in Sources */ = {isa = PBXBuildFile; fileRef = A8FE71BE1FF836AD009D50D1 /* MapIcon.swift */; };
		A8FE71C81FF8C7F6009D50D1 /* LaunchScreenVC.swift in Sources */ = {isa = PBXBuildFile; fileRef = A8FE71C71FF8C7F6009D50D1 /* LaunchScreenVC.swift */; };
/* End PBXBuildFile section */

/* Begin PBXContainerItemProxy section */
		A8BCA29E1F8077F200F330A5 /* PBXContainerItemProxy */ = {
			isa = PBXContainerItemProxy;
			containerPortal = A8BCA2811F8077F100F330A5 /* Project object */;
			proxyType = 1;
			remoteGlobalIDString = A8BCA2881F8077F100F330A5;
			remoteInfo = LABikes;
		};
		A8BCA2A91F8077F200F330A5 /* PBXContainerItemProxy */ = {
			isa = PBXContainerItemProxy;
			containerPortal = A8BCA2811F8077F100F330A5 /* Project object */;
			proxyType = 1;
			remoteGlobalIDString = A8BCA2881F8077F100F330A5;
			remoteInfo = LABikes;
		};
/* End PBXContainerItemProxy section */

/* Begin PBXFileReference section */
		079EC61468D1FE2A2D9581A4 /* Pods-LABikes.release.xcconfig */ = {isa = PBXFileReference; includeInIndex = 1; lastKnownFileType = text.xcconfig; name = "Pods-LABikes.release.xcconfig"; path = "Pods/Target Support Files/Pods-LABikes/Pods-LABikes.release.xcconfig"; sourceTree = "<group>"; };
		1A2BF6B10FE4837519828247 /* Pods_LABikesUITests.framework */ = {isa = PBXFileReference; explicitFileType = wrapper.framework; includeInIndex = 0; path = Pods_LABikesUITests.framework; sourceTree = BUILT_PRODUCTS_DIR; };
		2B6F47518B08C5349C43BD90 /* Pods_LABikes.framework */ = {isa = PBXFileReference; explicitFileType = wrapper.framework; includeInIndex = 0; path = Pods_LABikes.framework; sourceTree = BUILT_PRODUCTS_DIR; };
		5731308579C7A3B611078ABF /* Pods-LABikes.debug.xcconfig */ = {isa = PBXFileReference; includeInIndex = 1; lastKnownFileType = text.xcconfig; name = "Pods-LABikes.debug.xcconfig"; path = "Pods/Target Support Files/Pods-LABikes/Pods-LABikes.debug.xcconfig"; sourceTree = "<group>"; };
		9A94BAAF42A3F6DE856A48A4 /* Pods_LABikesTests.framework */ = {isa = PBXFileReference; explicitFileType = wrapper.framework; includeInIndex = 0; path = Pods_LABikesTests.framework; sourceTree = BUILT_PRODUCTS_DIR; };
		A80DA2F71FC9D63C00BC8750 /* BikeDetailVC.swift */ = {isa = PBXFileReference; lastKnownFileType = sourcecode.swift; path = BikeDetailVC.swift; sourceTree = "<group>"; };
		A80DA2F81FC9D63C00BC8750 /* BikeDetailView.xib */ = {isa = PBXFileReference; lastKnownFileType = file.xib; path = BikeDetailView.xib; sourceTree = "<group>"; };
		A80DA2FB1FCA543700BC8750 /* Dao.swift */ = {isa = PBXFileReference; lastKnownFileType = sourcecode.swift; path = Dao.swift; sourceTree = "<group>"; };
		A82D85801F9C4C2A008F9A8C /* ListVC.swift */ = {isa = PBXFileReference; lastKnownFileType = sourcecode.swift; path = ListVC.swift; sourceTree = "<group>"; };
		A82D85C31F9D5523008F9A8C /* Base */ = {isa = PBXFileReference; lastKnownFileType = file.storyboard; name = Base; path = Base.lproj/Main.storyboard; sourceTree = "<group>"; };
		A82D85CF1FA5435A008F9A8C /* BikeCell.swift */ = {isa = PBXFileReference; lastKnownFileType = sourcecode.swift; path = BikeCell.swift; sourceTree = "<group>"; };
		A82D85DD1FA642EC008F9A8C /* MapPopUpVC.swift */ = {isa = PBXFileReference; lastKnownFileType = sourcecode.swift; path = MapPopUpVC.swift; sourceTree = "<group>"; };
		A842517E1FFB5AD800A0B3EC /* WeatherVC.xib */ = {isa = PBXFileReference; lastKnownFileType = file.xib; path = WeatherVC.xib; sourceTree = "<group>"; };
		A84251811FFCA21C00A0B3EC /* WeatherView.swift */ = {isa = PBXFileReference; lastKnownFileType = sourcecode.swift; path = WeatherView.swift; sourceTree = "<group>"; };
		A84251BF2002E4CE00A0B3EC /* ColorHelper.swift */ = {isa = PBXFileReference; lastKnownFileType = sourcecode.swift; path = ColorHelper.swift; sourceTree = "<group>"; };
		A84251CB200DDAC200A0B3EC /* Detail.swift */ = {isa = PBXFileReference; lastKnownFileType = sourcecode.swift; path = Detail.swift; sourceTree = "<group>"; };
		A8717CE41FA6DF3900B36FB2 /* ViewExtension.swift */ = {isa = PBXFileReference; lastKnownFileType = sourcecode.swift; path = ViewExtension.swift; sourceTree = "<group>"; };
		A8A770291FE729A100CD1A89 /* AdjustFavoriteDelegate.swift */ = {isa = PBXFileReference; lastKnownFileType = sourcecode.swift; path = AdjustFavoriteDelegate.swift; sourceTree = "<group>"; };
		A8BCA2891F8077F100F330A5 /* LABikes.app */ = {isa = PBXFileReference; explicitFileType = wrapper.application; includeInIndex = 0; path = LABikes.app; sourceTree = BUILT_PRODUCTS_DIR; };
		A8BCA28C1F8077F100F330A5 /* AppDelegate.swift */ = {isa = PBXFileReference; lastKnownFileType = sourcecode.swift; path = AppDelegate.swift; sourceTree = "<group>"; };
		A8BCA2931F8077F100F330A5 /* Assets.xcassets */ = {isa = PBXFileReference; lastKnownFileType = folder.assetcatalog; path = Assets.xcassets; sourceTree = "<group>"; };
		A8BCA2961F8077F100F330A5 /* Base */ = {isa = PBXFileReference; lastKnownFileType = file.storyboard; name = Base; path = Base.lproj/LaunchScreen.storyboard; sourceTree = "<group>"; };
		A8BCA2981F8077F100F330A5 /* Info.plist */ = {isa = PBXFileReference; lastKnownFileType = text.plist.xml; path = Info.plist; sourceTree = "<group>"; };
		A8BCA29D1F8077F200F330A5 /* LABikesTests.xctest */ = {isa = PBXFileReference; explicitFileType = wrapper.cfbundle; includeInIndex = 0; path = LABikesTests.xctest; sourceTree = BUILT_PRODUCTS_DIR; };
		A8BCA2A11F8077F200F330A5 /* LABikesTests.swift */ = {isa = PBXFileReference; lastKnownFileType = sourcecode.swift; path = LABikesTests.swift; sourceTree = "<group>"; };
		A8BCA2A31F8077F200F330A5 /* Info.plist */ = {isa = PBXFileReference; lastKnownFileType = text.plist.xml; path = Info.plist; sourceTree = "<group>"; };
		A8BCA2A81F8077F200F330A5 /* LABikesUITests.xctest */ = {isa = PBXFileReference; explicitFileType = wrapper.cfbundle; includeInIndex = 0; path = LABikesUITests.xctest; sourceTree = BUILT_PRODUCTS_DIR; };
		A8BCA2AC1F8077F200F330A5 /* LABikesUITests.swift */ = {isa = PBXFileReference; lastKnownFileType = sourcecode.swift; path = LABikesUITests.swift; sourceTree = "<group>"; };
		A8BCA2AE1F8077F200F330A5 /* Info.plist */ = {isa = PBXFileReference; lastKnownFileType = text.plist.xml; path = Info.plist; sourceTree = "<group>"; };
		A8BCA2C01F807CAB00F330A5 /* Bike.swift */ = {isa = PBXFileReference; lastKnownFileType = sourcecode.swift; path = Bike.swift; sourceTree = "<group>"; };
		A8BCA2C41F80972E00F330A5 /* Constants.swift */ = {isa = PBXFileReference; lastKnownFileType = sourcecode.swift; path = Constants.swift; sourceTree = "<group>"; };
		A8BCA2C61F80BA6E00F330A5 /* RootVC.swift */ = {isa = PBXFileReference; lastKnownFileType = sourcecode.swift; path = RootVC.swift; sourceTree = "<group>"; };
		A8BCA2CE1F818A3C00F330A5 /* IntExtension.swift */ = {isa = PBXFileReference; lastKnownFileType = sourcecode.swift; path = IntExtension.swift; sourceTree = "<group>"; };
		A8BCA2D51F81FA3800F330A5 /* BikePointAnnotation.swift */ = {isa = PBXFileReference; lastKnownFileType = sourcecode.swift; path = BikePointAnnotation.swift; sourceTree = "<group>"; };
		A8ED8BEA1FE8E7A600E9249E /* Location.swift */ = {isa = PBXFileReference; lastKnownFileType = sourcecode.swift; path = Location.swift; sourceTree = "<group>"; };
		A8ED8BED1FEB7BA300E9249E /* APIManager.swift */ = {isa = PBXFileReference; lastKnownFileType = sourcecode.swift; path = APIManager.swift; sourceTree = "<group>"; };
		A8ED8BEF1FEB8D5F00E9249E /* DataManager.swift */ = {isa = PBXFileReference; lastKnownFileType = sourcecode.swift; path = DataManager.swift; sourceTree = "<group>"; };
		A8FE71AE1FEE1C5A009D50D1 /* Alert.swift */ = {isa = PBXFileReference; lastKnownFileType = sourcecode.swift; path = Alert.swift; sourceTree = "<group>"; };
		A8FE71B41FF05192009D50D1 /* TemperatureHelper.swift */ = {isa = PBXFileReference; lastKnownFileType = sourcecode.swift; path = TemperatureHelper.swift; sourceTree = "<group>"; };
		A8FE71B81FF1DCBE009D50D1 /* Direction.swift */ = {isa = PBXFileReference; lastKnownFileType = sourcecode.swift; path = Direction.swift; sourceTree = "<group>"; };
		A8FE71BE1FF836AD009D50D1 /* MapIcon.swift */ = {isa = PBXFileReference; lastKnownFileType = sourcecode.swift; path = MapIcon.swift; sourceTree = "<group>"; };
		A8FE71C71FF8C7F6009D50D1 /* LaunchScreenVC.swift */ = {isa = PBXFileReference; lastKnownFileType = sourcecode.swift; path = LaunchScreenVC.swift; sourceTree = "<group>"; };
/* End PBXFileReference section */

/* Begin PBXFrameworksBuildPhase section */
		A8BCA2861F8077F100F330A5 /* Frameworks */ = {
			isa = PBXFrameworksBuildPhase;
			buildActionMask = 2147483647;
			files = (
				849944E09E100E92A0CF6357 /* Pods_LABikes.framework in Frameworks */,
			);
			runOnlyForDeploymentPostprocessing = 0;
		};
		A8BCA29A1F8077F200F330A5 /* Frameworks */ = {
			isa = PBXFrameworksBuildPhase;
			buildActionMask = 2147483647;
			files = (
			);
			runOnlyForDeploymentPostprocessing = 0;
		};
		A8BCA2A51F8077F200F330A5 /* Frameworks */ = {
			isa = PBXFrameworksBuildPhase;
			buildActionMask = 2147483647;
			files = (
			);
			runOnlyForDeploymentPostprocessing = 0;
		};
/* End PBXFrameworksBuildPhase section */

/* Begin PBXGroup section */
		143D2350BD91F7D253196C2F /* Frameworks */ = {
			isa = PBXGroup;
			children = (
				2B6F47518B08C5349C43BD90 /* Pods_LABikes.framework */,
				9A94BAAF42A3F6DE856A48A4 /* Pods_LABikesTests.framework */,
				1A2BF6B10FE4837519828247 /* Pods_LABikesUITests.framework */,
			);
			name = Frameworks;
			sourceTree = "<group>";
		};
		A84251C8200D88DF00A0B3EC /* SupportFiles */ = {
			isa = PBXGroup;
			children = (
			);
			path = SupportFiles;
			sourceTree = "<group>";
		};
		A8A7701B1FE5B11200CD1A89 /* Extension */ = {
			isa = PBXGroup;
			children = (
				A8BCA2CE1F818A3C00F330A5 /* IntExtension.swift */,
				A8717CE41FA6DF3900B36FB2 /* ViewExtension.swift */,
			);
			path = Extension;
			sourceTree = "<group>";
		};
		A8A770241FE6F8AD00CD1A89 /* Protocols */ = {
			isa = PBXGroup;
			children = (
				A8A770291FE729A100CD1A89 /* AdjustFavoriteDelegate.swift */,
			);
			path = Protocols;
			sourceTree = "<group>";
		};
		A8BCA2801F8077F100F330A5 = {
			isa = PBXGroup;
			children = (
				A8BCA28B1F8077F100F330A5 /* LABikes */,
				A84251C8200D88DF00A0B3EC /* SupportFiles */,
				A8BCA2A01F8077F200F330A5 /* LABikesTests */,
				A8BCA2AB1F8077F200F330A5 /* LABikesUITests */,
				A8BCA28A1F8077F100F330A5 /* Products */,
				C1B29BE410DF4A1174C15DEC /* Pods */,
				143D2350BD91F7D253196C2F /* Frameworks */,
			);
			sourceTree = "<group>";
		};
		A8BCA28A1F8077F100F330A5 /* Products */ = {
			isa = PBXGroup;
			children = (
				A8BCA2891F8077F100F330A5 /* LABikes.app */,
				A8BCA29D1F8077F200F330A5 /* LABikesTests.xctest */,
				A8BCA2A81F8077F200F330A5 /* LABikesUITests.xctest */,
			);
			name = Products;
			sourceTree = "<group>";
		};
		A8BCA28B1F8077F100F330A5 /* LABikes */ = {
			isa = PBXGroup;
			children = (
				A8A770241FE6F8AD00CD1A89 /* Protocols */,
				A8A7701B1FE5B11200CD1A89 /* Extension */,
				A8BCA2BF1F807AA400F330A5 /* Utils */,
				A8BCA2BC1F807A7B00F330A5 /* Model */,
				A8ED8BEC1FEB7B0600E9249E /* Network */,
				A8BCA2BB1F807A7500F330A5 /* View */,
				A8BCA2BA1F807A6800F330A5 /* Controller */,
				A8BCA28C1F8077F100F330A5 /* AppDelegate.swift */,
				A8BCA2931F8077F100F330A5 /* Assets.xcassets */,
				A8BCA2951F8077F100F330A5 /* LaunchScreen.storyboard */,
				A8BCA2981F8077F100F330A5 /* Info.plist */,
			);
			path = LABikes;
			sourceTree = "<group>";
		};
		A8BCA2A01F8077F200F330A5 /* LABikesTests */ = {
			isa = PBXGroup;
			children = (
				A8BCA2A11F8077F200F330A5 /* LABikesTests.swift */,
				A8BCA2A31F8077F200F330A5 /* Info.plist */,
			);
			path = LABikesTests;
			sourceTree = "<group>";
		};
		A8BCA2AB1F8077F200F330A5 /* LABikesUITests */ = {
			isa = PBXGroup;
			children = (
				A8BCA2AC1F8077F200F330A5 /* LABikesUITests.swift */,
				A8BCA2AE1F8077F200F330A5 /* Info.plist */,
			);
			path = LABikesUITests;
			sourceTree = "<group>";
		};
		A8BCA2BA1F807A6800F330A5 /* Controller */ = {
			isa = PBXGroup;
			children = (
				A8BCA2C61F80BA6E00F330A5 /* RootVC.swift */,
				A82D85DD1FA642EC008F9A8C /* MapPopUpVC.swift */,
				A82D85801F9C4C2A008F9A8C /* ListVC.swift */,
				A80DA2F71FC9D63C00BC8750 /* BikeDetailVC.swift */,
				A8FE71C71FF8C7F6009D50D1 /* LaunchScreenVC.swift */,
			);
			path = Controller;
			sourceTree = "<group>";
		};
		A8BCA2BB1F807A7500F330A5 /* View */ = {
			isa = PBXGroup;
			children = (
				A82D85C41F9D5523008F9A8C /* Main.storyboard */,
				A80DA2F81FC9D63C00BC8750 /* BikeDetailView.xib */,
				A842517E1FFB5AD800A0B3EC /* WeatherVC.xib */,
				A84251811FFCA21C00A0B3EC /* WeatherView.swift */,
				A82D85CF1FA5435A008F9A8C /* BikeCell.swift */,
			);
			path = View;
			sourceTree = "<group>";
		};
		A8BCA2BC1F807A7B00F330A5 /* Model */ = {
			isa = PBXGroup;
			children = (
				A8BCA2C01F807CAB00F330A5 /* Bike.swift */,
				A8BCA2D51F81FA3800F330A5 /* BikePointAnnotation.swift */,
				A80DA2FB1FCA543700BC8750 /* Dao.swift */,
				A8ED8BEA1FE8E7A600E9249E /* Location.swift */,
				A84251CB200DDAC200A0B3EC /* Detail.swift */,
			);
			path = Model;
			sourceTree = "<group>";
		};
		A8BCA2BF1F807AA400F330A5 /* Utils */ = {
			isa = PBXGroup;
			children = (
				A8BCA2C41F80972E00F330A5 /* Constants.swift */,
				A8ED8BEF1FEB8D5F00E9249E /* DataManager.swift */,
				A8FE71B41FF05192009D50D1 /* TemperatureHelper.swift */,
				A8FE71AE1FEE1C5A009D50D1 /* Alert.swift */,
				A8FE71B81FF1DCBE009D50D1 /* Direction.swift */,
				A8FE71BE1FF836AD009D50D1 /* MapIcon.swift */,
				A84251BF2002E4CE00A0B3EC /* ColorHelper.swift */,
			);
			path = Utils;
			sourceTree = "<group>";
		};
		A8ED8BEC1FEB7B0600E9249E /* Network */ = {
			isa = PBXGroup;
			children = (
				A8ED8BED1FEB7BA300E9249E /* APIManager.swift */,
			);
			path = Network;
			sourceTree = "<group>";
		};
		C1B29BE410DF4A1174C15DEC /* Pods */ = {
			isa = PBXGroup;
			children = (
				5731308579C7A3B611078ABF /* Pods-LABikes.debug.xcconfig */,
				079EC61468D1FE2A2D9581A4 /* Pods-LABikes.release.xcconfig */,
			);
			name = Pods;
			sourceTree = "<group>";
		};
/* End PBXGroup section */

/* Begin PBXNativeTarget section */
		A8BCA2881F8077F100F330A5 /* LABikes */ = {
			isa = PBXNativeTarget;
			buildConfigurationList = A8BCA2B11F8077F200F330A5 /* Build configuration list for PBXNativeTarget "LABikes" */;
			buildPhases = (
				4ABA5E5205944D3F22F5240D /* [CP] Check Pods Manifest.lock */,
				A8BCA2851F8077F100F330A5 /* Sources */,
				A8BCA2861F8077F100F330A5 /* Frameworks */,
				A8BCA2871F8077F100F330A5 /* Resources */,
				052713360DE8EA5D1A634514 /* [CP] Embed Pods Frameworks */,
				AFFD5E871F0381854A836FC8 /* [CP] Copy Pods Resources */,
			);
			buildRules = (
			);
			dependencies = (
			);
			name = LABikes;
			productName = LABikes;
			productReference = A8BCA2891F8077F100F330A5 /* LABikes.app */;
			productType = "com.apple.product-type.application";
		};
		A8BCA29C1F8077F200F330A5 /* LABikesTests */ = {
			isa = PBXNativeTarget;
			buildConfigurationList = A8BCA2B41F8077F200F330A5 /* Build configuration list for PBXNativeTarget "LABikesTests" */;
			buildPhases = (
				A8BCA2991F8077F200F330A5 /* Sources */,
				A8BCA29A1F8077F200F330A5 /* Frameworks */,
				A8BCA29B1F8077F200F330A5 /* Resources */,
			);
			buildRules = (
			);
			dependencies = (
				A8BCA29F1F8077F200F330A5 /* PBXTargetDependency */,
			);
			name = LABikesTests;
			productName = LABikesTests;
			productReference = A8BCA29D1F8077F200F330A5 /* LABikesTests.xctest */;
			productType = "com.apple.product-type.bundle.unit-test";
		};
		A8BCA2A71F8077F200F330A5 /* LABikesUITests */ = {
			isa = PBXNativeTarget;
			buildConfigurationList = A8BCA2B71F8077F200F330A5 /* Build configuration list for PBXNativeTarget "LABikesUITests" */;
			buildPhases = (
				A8BCA2A41F8077F200F330A5 /* Sources */,
				A8BCA2A51F8077F200F330A5 /* Frameworks */,
				A8BCA2A61F8077F200F330A5 /* Resources */,
			);
			buildRules = (
			);
			dependencies = (
				A8BCA2AA1F8077F200F330A5 /* PBXTargetDependency */,
			);
			name = LABikesUITests;
			productName = LABikesUITests;
			productReference = A8BCA2A81F8077F200F330A5 /* LABikesUITests.xctest */;
			productType = "com.apple.product-type.bundle.ui-testing";
		};
/* End PBXNativeTarget section */

/* Begin PBXProject section */
		A8BCA2811F8077F100F330A5 /* Project object */ = {
			isa = PBXProject;
			attributes = {
				LastSwiftUpdateCheck = 0900;
				LastUpgradeCheck = 0900;
				ORGANIZATIONNAME = "Matt Deuschle";
				TargetAttributes = {
					A8BCA2881F8077F100F330A5 = {
						CreatedOnToolsVersion = 9.0;
						ProvisioningStyle = Automatic;
					};
					A8BCA29C1F8077F200F330A5 = {
						CreatedOnToolsVersion = 9.0;
						ProvisioningStyle = Automatic;
						TestTargetID = A8BCA2881F8077F100F330A5;
					};
					A8BCA2A71F8077F200F330A5 = {
						CreatedOnToolsVersion = 9.0;
						ProvisioningStyle = Automatic;
						TestTargetID = A8BCA2881F8077F100F330A5;
					};
				};
			};
			buildConfigurationList = A8BCA2841F8077F100F330A5 /* Build configuration list for PBXProject "LABikes" */;
			compatibilityVersion = "Xcode 8.0";
			developmentRegion = en;
			hasScannedForEncodings = 0;
			knownRegions = (
				en,
				Base,
			);
			mainGroup = A8BCA2801F8077F100F330A5;
			productRefGroup = A8BCA28A1F8077F100F330A5 /* Products */;
			projectDirPath = "";
			projectRoot = "";
			targets = (
				A8BCA2881F8077F100F330A5 /* LABikes */,
				A8BCA29C1F8077F200F330A5 /* LABikesTests */,
				A8BCA2A71F8077F200F330A5 /* LABikesUITests */,
			);
		};
/* End PBXProject section */

/* Begin PBXResourcesBuildPhase section */
		A8BCA2871F8077F100F330A5 /* Resources */ = {
			isa = PBXResourcesBuildPhase;
			buildActionMask = 2147483647;
			files = (
				A84251801FFB5AD800A0B3EC /* WeatherVC.xib in Resources */,
				A80DA2FA1FC9D63C00BC8750 /* BikeDetailView.xib in Resources */,
				A8BCA2971F8077F100F330A5 /* LaunchScreen.storyboard in Resources */,
				A82D85C21F9D5523008F9A8C /* Main.storyboard in Resources */,
				A8BCA2941F8077F100F330A5 /* Assets.xcassets in Resources */,
			);
			runOnlyForDeploymentPostprocessing = 0;
		};
		A8BCA29B1F8077F200F330A5 /* Resources */ = {
			isa = PBXResourcesBuildPhase;
			buildActionMask = 2147483647;
			files = (
			);
			runOnlyForDeploymentPostprocessing = 0;
		};
		A8BCA2A61F8077F200F330A5 /* Resources */ = {
			isa = PBXResourcesBuildPhase;
			buildActionMask = 2147483647;
			files = (
			);
			runOnlyForDeploymentPostprocessing = 0;
		};
/* End PBXResourcesBuildPhase section */

/* Begin PBXShellScriptBuildPhase section */
		052713360DE8EA5D1A634514 /* [CP] Embed Pods Frameworks */ = {
			isa = PBXShellScriptBuildPhase;
			buildActionMask = 2147483647;
			files = (
			);
			inputPaths = (
			);
			name = "[CP] Embed Pods Frameworks";
			outputPaths = (
			);
			runOnlyForDeploymentPostprocessing = 0;
			shellPath = /bin/sh;
			shellScript = "\"${SRCROOT}/Pods/Target Support Files/Pods-LABikes/Pods-LABikes-frameworks.sh\"\n";
			showEnvVarsInLog = 0;
		};
		4ABA5E5205944D3F22F5240D /* [CP] Check Pods Manifest.lock */ = {
			isa = PBXShellScriptBuildPhase;
			buildActionMask = 2147483647;
			files = (
			);
			inputPaths = (
			);
			name = "[CP] Check Pods Manifest.lock";
			outputPaths = (
			);
			runOnlyForDeploymentPostprocessing = 0;
			shellPath = /bin/sh;
			shellScript = "diff \"${PODS_ROOT}/../Podfile.lock\" \"${PODS_ROOT}/Manifest.lock\" > /dev/null\nif [ $? != 0 ] ; then\n    # print error to STDERR\n    echo \"error: The sandbox is not in sync with the Podfile.lock. Run 'pod install' or update your CocoaPods installation.\" >&2\n    exit 1\nfi\n";
			showEnvVarsInLog = 0;
		};
		AFFD5E871F0381854A836FC8 /* [CP] Copy Pods Resources */ = {
			isa = PBXShellScriptBuildPhase;
			buildActionMask = 2147483647;
			files = (
			);
			inputPaths = (
			);
			name = "[CP] Copy Pods Resources";
			outputPaths = (
			);
			runOnlyForDeploymentPostprocessing = 0;
			shellPath = /bin/sh;
			shellScript = "\"${SRCROOT}/Pods/Target Support Files/Pods-LABikes/Pods-LABikes-resources.sh\"\n";
			showEnvVarsInLog = 0;
		};
/* End PBXShellScriptBuildPhase section */

/* Begin PBXSourcesBuildPhase section */
		A8BCA2851F8077F100F330A5 /* Sources */ = {
			isa = PBXSourcesBuildPhase;
			buildActionMask = 2147483647;
			files = (
				A8FE71AF1FEE1C5A009D50D1 /* Alert.swift in Sources */,
				A8ED8BEE1FEB7BA300E9249E /* APIManager.swift in Sources */,
				A84251CC200DDAC200A0B3EC /* Detail.swift in Sources */,
				A80DA2F91FC9D63C00BC8750 /* BikeDetailVC.swift in Sources */,
				A8FE71BF1FF836AD009D50D1 /* MapIcon.swift in Sources */,
				A82D85821F9C4C2A008F9A8C /* ListVC.swift in Sources */,
				A8BCA2C11F807CAB00F330A5 /* Bike.swift in Sources */,
				A8BCA2CF1F818A3C00F330A5 /* IntExtension.swift in Sources */,
				A8BCA2C81F80BA6E00F330A5 /* RootVC.swift in Sources */,
				A8BCA2D61F81FA3800F330A5 /* BikePointAnnotation.swift in Sources */,
				A8FE71B51FF05192009D50D1 /* TemperatureHelper.swift in Sources */,
				A84251C02002E4CE00A0B3EC /* ColorHelper.swift in Sources */,
				A8ED8BEB1FE8E7A600E9249E /* Location.swift in Sources */,
				A84251821FFCA21C00A0B3EC /* WeatherView.swift in Sources */,
				A8717CE51FA6DF3900B36FB2 /* ViewExtension.swift in Sources */,
				A8FE71C81FF8C7F6009D50D1 /* LaunchScreenVC.swift in Sources */,
				A8A7702A1FE729A100CD1A89 /* AdjustFavoriteDelegate.swift in Sources */,
				A82D85DE1FA642EC008F9A8C /* MapPopUpVC.swift in Sources */,
				A8FE71B91FF1DCBE009D50D1 /* Direction.swift in Sources */,
				A80DA2FC1FCA543700BC8750 /* Dao.swift in Sources */,
				A8BCA28D1F8077F100F330A5 /* AppDelegate.swift in Sources */,
				A82D85D01FA5435B008F9A8C /* BikeCell.swift in Sources */,
				A8BCA2C51F80972E00F330A5 /* Constants.swift in Sources */,
				A8ED8BF01FEB8D5F00E9249E /* DataManager.swift in Sources */,
			);
			runOnlyForDeploymentPostprocessing = 0;
		};
		A8BCA2991F8077F200F330A5 /* Sources */ = {
			isa = PBXSourcesBuildPhase;
			buildActionMask = 2147483647;
			files = (
				A8BCA2A21F8077F200F330A5 /* LABikesTests.swift in Sources */,
			);
			runOnlyForDeploymentPostprocessing = 0;
		};
		A8BCA2A41F8077F200F330A5 /* Sources */ = {
			isa = PBXSourcesBuildPhase;
			buildActionMask = 2147483647;
			files = (
				A8BCA2AD1F8077F200F330A5 /* LABikesUITests.swift in Sources */,
			);
			runOnlyForDeploymentPostprocessing = 0;
		};
/* End PBXSourcesBuildPhase section */

/* Begin PBXTargetDependency section */
		A8BCA29F1F8077F200F330A5 /* PBXTargetDependency */ = {
			isa = PBXTargetDependency;
			target = A8BCA2881F8077F100F330A5 /* LABikes */;
			targetProxy = A8BCA29E1F8077F200F330A5 /* PBXContainerItemProxy */;
		};
		A8BCA2AA1F8077F200F330A5 /* PBXTargetDependency */ = {
			isa = PBXTargetDependency;
			target = A8BCA2881F8077F100F330A5 /* LABikes */;
			targetProxy = A8BCA2A91F8077F200F330A5 /* PBXContainerItemProxy */;
		};
/* End PBXTargetDependency section */

/* Begin PBXVariantGroup section */
		A82D85C41F9D5523008F9A8C /* Main.storyboard */ = {
			isa = PBXVariantGroup;
			children = (
				A82D85C31F9D5523008F9A8C /* Base */,
			);
			name = Main.storyboard;
			sourceTree = "<group>";
		};
		A8BCA2951F8077F100F330A5 /* LaunchScreen.storyboard */ = {
			isa = PBXVariantGroup;
			children = (
				A8BCA2961F8077F100F330A5 /* Base */,
			);
			name = LaunchScreen.storyboard;
			sourceTree = "<group>";
		};
/* End PBXVariantGroup section */

/* Begin XCBuildConfiguration section */
		A8BCA2AF1F8077F200F330A5 /* Debug */ = {
			isa = XCBuildConfiguration;
			buildSettings = {
				ALWAYS_SEARCH_USER_PATHS = NO;
				CLANG_ANALYZER_NONNULL = YES;
				CLANG_ANALYZER_NUMBER_OBJECT_CONVERSION = YES_AGGRESSIVE;
				CLANG_CXX_LANGUAGE_STANDARD = "gnu++14";
				CLANG_CXX_LIBRARY = "libc++";
				CLANG_ENABLE_MODULES = YES;
				CLANG_ENABLE_OBJC_ARC = YES;
				CLANG_WARN_BLOCK_CAPTURE_AUTORELEASING = YES;
				CLANG_WARN_BOOL_CONVERSION = YES;
				CLANG_WARN_COMMA = YES;
				CLANG_WARN_CONSTANT_CONVERSION = YES;
				CLANG_WARN_DIRECT_OBJC_ISA_USAGE = YES_ERROR;
				CLANG_WARN_DOCUMENTATION_COMMENTS = YES;
				CLANG_WARN_EMPTY_BODY = YES;
				CLANG_WARN_ENUM_CONVERSION = YES;
				CLANG_WARN_INFINITE_RECURSION = YES;
				CLANG_WARN_INT_CONVERSION = YES;
				CLANG_WARN_NON_LITERAL_NULL_CONVERSION = YES;
				CLANG_WARN_OBJC_LITERAL_CONVERSION = YES;
				CLANG_WARN_OBJC_ROOT_CLASS = YES_ERROR;
				CLANG_WARN_RANGE_LOOP_ANALYSIS = YES;
				CLANG_WARN_STRICT_PROTOTYPES = YES;
				CLANG_WARN_SUSPICIOUS_MOVE = YES;
				CLANG_WARN_UNGUARDED_AVAILABILITY = YES_AGGRESSIVE;
				CLANG_WARN_UNREACHABLE_CODE = YES;
				CLANG_WARN__DUPLICATE_METHOD_MATCH = YES;
				CODE_SIGN_IDENTITY = "iPhone Developer";
				COPY_PHASE_STRIP = NO;
				DEBUG_INFORMATION_FORMAT = dwarf;
				ENABLE_STRICT_OBJC_MSGSEND = YES;
				ENABLE_TESTABILITY = YES;
				GCC_C_LANGUAGE_STANDARD = gnu11;
				GCC_DYNAMIC_NO_PIC = NO;
				GCC_NO_COMMON_BLOCKS = YES;
				GCC_OPTIMIZATION_LEVEL = 0;
				GCC_PREPROCESSOR_DEFINITIONS = (
					"DEBUG=1",
					"$(inherited)",
				);
				GCC_WARN_64_TO_32_BIT_CONVERSION = YES;
				GCC_WARN_ABOUT_RETURN_TYPE = YES_ERROR;
				GCC_WARN_UNDECLARED_SELECTOR = YES;
				GCC_WARN_UNINITIALIZED_AUTOS = YES_AGGRESSIVE;
				GCC_WARN_UNUSED_FUNCTION = YES;
				GCC_WARN_UNUSED_VARIABLE = YES;
				IPHONEOS_DEPLOYMENT_TARGET = 11.0;
				MTL_ENABLE_DEBUG_INFO = YES;
				ONLY_ACTIVE_ARCH = YES;
				SDKROOT = iphoneos;
				SWIFT_ACTIVE_COMPILATION_CONDITIONS = DEBUG;
				SWIFT_OPTIMIZATION_LEVEL = "-Onone";
			};
			name = Debug;
		};
		A8BCA2B01F8077F200F330A5 /* Release */ = {
			isa = XCBuildConfiguration;
			buildSettings = {
				ALWAYS_SEARCH_USER_PATHS = NO;
				CLANG_ANALYZER_NONNULL = YES;
				CLANG_ANALYZER_NUMBER_OBJECT_CONVERSION = YES_AGGRESSIVE;
				CLANG_CXX_LANGUAGE_STANDARD = "gnu++14";
				CLANG_CXX_LIBRARY = "libc++";
				CLANG_ENABLE_MODULES = YES;
				CLANG_ENABLE_OBJC_ARC = YES;
				CLANG_WARN_BLOCK_CAPTURE_AUTORELEASING = YES;
				CLANG_WARN_BOOL_CONVERSION = YES;
				CLANG_WARN_COMMA = YES;
				CLANG_WARN_CONSTANT_CONVERSION = YES;
				CLANG_WARN_DIRECT_OBJC_ISA_USAGE = YES_ERROR;
				CLANG_WARN_DOCUMENTATION_COMMENTS = YES;
				CLANG_WARN_EMPTY_BODY = YES;
				CLANG_WARN_ENUM_CONVERSION = YES;
				CLANG_WARN_INFINITE_RECURSION = YES;
				CLANG_WARN_INT_CONVERSION = YES;
				CLANG_WARN_NON_LITERAL_NULL_CONVERSION = YES;
				CLANG_WARN_OBJC_LITERAL_CONVERSION = YES;
				CLANG_WARN_OBJC_ROOT_CLASS = YES_ERROR;
				CLANG_WARN_RANGE_LOOP_ANALYSIS = YES;
				CLANG_WARN_STRICT_PROTOTYPES = YES;
				CLANG_WARN_SUSPICIOUS_MOVE = YES;
				CLANG_WARN_UNGUARDED_AVAILABILITY = YES_AGGRESSIVE;
				CLANG_WARN_UNREACHABLE_CODE = YES;
				CLANG_WARN__DUPLICATE_METHOD_MATCH = YES;
				CODE_SIGN_IDENTITY = "iPhone Developer";
				COPY_PHASE_STRIP = NO;
				DEBUG_INFORMATION_FORMAT = "dwarf-with-dsym";
				ENABLE_NS_ASSERTIONS = NO;
				ENABLE_STRICT_OBJC_MSGSEND = YES;
				GCC_C_LANGUAGE_STANDARD = gnu11;
				GCC_NO_COMMON_BLOCKS = YES;
				GCC_WARN_64_TO_32_BIT_CONVERSION = YES;
				GCC_WARN_ABOUT_RETURN_TYPE = YES_ERROR;
				GCC_WARN_UNDECLARED_SELECTOR = YES;
				GCC_WARN_UNINITIALIZED_AUTOS = YES_AGGRESSIVE;
				GCC_WARN_UNUSED_FUNCTION = YES;
				GCC_WARN_UNUSED_VARIABLE = YES;
				IPHONEOS_DEPLOYMENT_TARGET = 11.0;
				MTL_ENABLE_DEBUG_INFO = NO;
				SDKROOT = iphoneos;
				SWIFT_OPTIMIZATION_LEVEL = "-Owholemodule";
				VALIDATE_PRODUCT = YES;
			};
			name = Release;
		};
		A8BCA2B21F8077F200F330A5 /* Debug */ = {
			isa = XCBuildConfiguration;
			baseConfigurationReference = 5731308579C7A3B611078ABF /* Pods-LABikes.debug.xcconfig */;
			buildSettings = {
				ASSETCATALOG_COMPILER_APPICON_NAME = AppIcon;
				CODE_SIGN_STYLE = Automatic;
				DEVELOPMENT_TEAM = 3DKZWJ5854;
				INFOPLIST_FILE = LABikes/Info.plist;
				IPHONEOS_DEPLOYMENT_TARGET = 11.0;
				LD_RUNPATH_SEARCH_PATHS = "$(inherited) @executable_path/Frameworks";
				PRODUCT_BUNDLE_IDENTIFIER = com.matt.deuschle.LABikes;
				PRODUCT_NAME = "$(TARGET_NAME)";
				SWIFT_VERSION = 4.0;
				TARGETED_DEVICE_FAMILY = "1,2";
			};
			name = Debug;
		};
		A8BCA2B31F8077F200F330A5 /* Release */ = {
			isa = XCBuildConfiguration;
			baseConfigurationReference = 079EC61468D1FE2A2D9581A4 /* Pods-LABikes.release.xcconfig */;
			buildSettings = {
				ASSETCATALOG_COMPILER_APPICON_NAME = AppIcon;
				CODE_SIGN_STYLE = Automatic;
				DEVELOPMENT_TEAM = 3DKZWJ5854;
				INFOPLIST_FILE = LABikes/Info.plist;
				IPHONEOS_DEPLOYMENT_TARGET = 11.0;
				LD_RUNPATH_SEARCH_PATHS = "$(inherited) @executable_path/Frameworks";
				PRODUCT_BUNDLE_IDENTIFIER = com.matt.deuschle.LABikes;
				PRODUCT_NAME = "$(TARGET_NAME)";
				SWIFT_VERSION = 4.0;
				TARGETED_DEVICE_FAMILY = "1,2";
			};
			name = Release;
		};
		A8BCA2B51F8077F200F330A5 /* Debug */ = {
			isa = XCBuildConfiguration;
			buildSettings = {
				ALWAYS_EMBED_SWIFT_STANDARD_LIBRARIES = YES;
				BUNDLE_LOADER = "$(TEST_HOST)";
				CODE_SIGN_STYLE = Automatic;
				DEVELOPMENT_TEAM = 3DKZWJ5854;
				INFOPLIST_FILE = LABikesTests/Info.plist;
				LD_RUNPATH_SEARCH_PATHS = "$(inherited) @executable_path/Frameworks @loader_path/Frameworks";
				PRODUCT_BUNDLE_IDENTIFIER = com.matt.deuschle.LABikesTests;
				PRODUCT_NAME = "$(TARGET_NAME)";
				SWIFT_VERSION = 4.0;
				TARGETED_DEVICE_FAMILY = "1,2";
				TEST_HOST = "$(BUILT_PRODUCTS_DIR)/LABikes.app/LABikes";
			};
			name = Debug;
		};
		A8BCA2B61F8077F200F330A5 /* Release */ = {
			isa = XCBuildConfiguration;
			buildSettings = {
				ALWAYS_EMBED_SWIFT_STANDARD_LIBRARIES = YES;
				BUNDLE_LOADER = "$(TEST_HOST)";
				CODE_SIGN_STYLE = Automatic;
				DEVELOPMENT_TEAM = 3DKZWJ5854;
				INFOPLIST_FILE = LABikesTests/Info.plist;
				LD_RUNPATH_SEARCH_PATHS = "$(inherited) @executable_path/Frameworks @loader_path/Frameworks";
				PRODUCT_BUNDLE_IDENTIFIER = com.matt.deuschle.LABikesTests;
				PRODUCT_NAME = "$(TARGET_NAME)";
				SWIFT_VERSION = 4.0;
				TARGETED_DEVICE_FAMILY = "1,2";
				TEST_HOST = "$(BUILT_PRODUCTS_DIR)/LABikes.app/LABikes";
			};
			name = Release;
		};
		A8BCA2B81F8077F200F330A5 /* Debug */ = {
			isa = XCBuildConfiguration;
			buildSettings = {
				ALWAYS_EMBED_SWIFT_STANDARD_LIBRARIES = YES;
				CODE_SIGN_STYLE = Automatic;
				DEVELOPMENT_TEAM = 3DKZWJ5854;
				INFOPLIST_FILE = LABikesUITests/Info.plist;
				LD_RUNPATH_SEARCH_PATHS = "$(inherited) @executable_path/Frameworks @loader_path/Frameworks";
				PRODUCT_BUNDLE_IDENTIFIER = com.matt.deuschle.LABikesUITests;
				PRODUCT_NAME = "$(TARGET_NAME)";
				SWIFT_VERSION = 4.0;
				TARGETED_DEVICE_FAMILY = "1,2";
				TEST_TARGET_NAME = LABikes;
			};
			name = Debug;
		};
		A8BCA2B91F8077F200F330A5 /* Release */ = {
			isa = XCBuildConfiguration;
			buildSettings = {
				ALWAYS_EMBED_SWIFT_STANDARD_LIBRARIES = YES;
				CODE_SIGN_STYLE = Automatic;
				DEVELOPMENT_TEAM = 3DKZWJ5854;
				INFOPLIST_FILE = LABikesUITests/Info.plist;
				LD_RUNPATH_SEARCH_PATHS = "$(inherited) @executable_path/Frameworks @loader_path/Frameworks";
				PRODUCT_BUNDLE_IDENTIFIER = com.matt.deuschle.LABikesUITests;
				PRODUCT_NAME = "$(TARGET_NAME)";
				SWIFT_VERSION = 4.0;
				TARGETED_DEVICE_FAMILY = "1,2";
				TEST_TARGET_NAME = LABikes;
			};
			name = Release;
		};
/* End XCBuildConfiguration section */

/* Begin XCConfigurationList section */
		A8BCA2841F8077F100F330A5 /* Build configuration list for PBXProject "LABikes" */ = {
			isa = XCConfigurationList;
			buildConfigurations = (
				A8BCA2AF1F8077F200F330A5 /* Debug */,
				A8BCA2B01F8077F200F330A5 /* Release */,
			);
			defaultConfigurationIsVisible = 0;
			defaultConfigurationName = Release;
		};
		A8BCA2B11F8077F200F330A5 /* Build configuration list for PBXNativeTarget "LABikes" */ = {
			isa = XCConfigurationList;
			buildConfigurations = (
				A8BCA2B21F8077F200F330A5 /* Debug */,
				A8BCA2B31F8077F200F330A5 /* Release */,
			);
			defaultConfigurationIsVisible = 0;
			defaultConfigurationName = Release;
		};
		A8BCA2B41F8077F200F330A5 /* Build configuration list for PBXNativeTarget "LABikesTests" */ = {
			isa = XCConfigurationList;
			buildConfigurations = (
				A8BCA2B51F8077F200F330A5 /* Debug */,
				A8BCA2B61F8077F200F330A5 /* Release */,
			);
			defaultConfigurationIsVisible = 0;
			defaultConfigurationName = Release;
		};
		A8BCA2B71F8077F200F330A5 /* Build configuration list for PBXNativeTarget "LABikesUITests" */ = {
			isa = XCConfigurationList;
			buildConfigurations = (
				A8BCA2B81F8077F200F330A5 /* Debug */,
				A8BCA2B91F8077F200F330A5 /* Release */,
			);
			defaultConfigurationIsVisible = 0;
			defaultConfigurationName = Release;
		};
/* End XCConfigurationList section */
	};
	rootObject = A8BCA2811F8077F100F330A5 /* Project object */;
}
