// !$*UTF8*$!
{
	archiveVersion = 1;
	classes = {
	};
	objectVersion = 48;
	objects = {

/* Begin PBXBuildFile section */
		A82D85821F9C4C2A008F9A8C /* ListVC.swift in Sources */ = {isa = PBXBuildFile; fileRef = A82D85801F9C4C2A008F9A8C /* ListVC.swift */; };
		A82D85C21F9D5523008F9A8C /* Main.storyboard in Resources */ = {isa = PBXBuildFile; fileRef = A82D85C41F9D5523008F9A8C /* Main.storyboard */; };
		A82D85D01FA5435B008F9A8C /* BikeCell.swift in Sources */ = {isa = PBXBuildFile; fileRef = A82D85CF1FA5435A008F9A8C /* BikeCell.swift */; };
		A82D85DE1FA642EC008F9A8C /* MapPopUpVC.swift in Sources */ = {isa = PBXBuildFile; fileRef = A82D85DD1FA642EC008F9A8C /* MapPopUpVC.swift */; };
		A82D85E01FA6757A008F9A8C /* MapPopUpView.xib in Resources */ = {isa = PBXBuildFile; fileRef = A82D85DF1FA6757A008F9A8C /* MapPopUpView.xib */; };
		A8717CE51FA6DF3900B36FB2 /* ViewExtension.swift in Sources */ = {isa = PBXBuildFile; fileRef = A8717CE41FA6DF3900B36FB2 /* ViewExtension.swift */; };
		A8BCA28D1F8077F100F330A5 /* AppDelegate.swift in Sources */ = {isa = PBXBuildFile; fileRef = A8BCA28C1F8077F100F330A5 /* AppDelegate.swift */; };
		A8BCA2941F8077F100F330A5 /* Assets.xcassets in Resources */ = {isa = PBXBuildFile; fileRef = A8BCA2931F8077F100F330A5 /* Assets.xcassets */; };
		A8BCA2971F8077F100F330A5 /* LaunchScreen.storyboard in Resources */ = {isa = PBXBuildFile; fileRef = A8BCA2951F8077F100F330A5 /* LaunchScreen.storyboard */; };
		A8BCA2A21F8077F200F330A5 /* LABikesTests.swift in Sources */ = {isa = PBXBuildFile; fileRef = A8BCA2A11F8077F200F330A5 /* LABikesTests.swift */; };
		A8BCA2AD1F8077F200F330A5 /* LABikesUITests.swift in Sources */ = {isa = PBXBuildFile; fileRef = A8BCA2AC1F8077F200F330A5 /* LABikesUITests.swift */; };
		A8BCA2C11F807CAB00F330A5 /* Bike.swift in Sources */ = {isa = PBXBuildFile; fileRef = A8BCA2C01F807CAB00F330A5 /* Bike.swift */; };
		A8BCA2C31F8096E600F330A5 /* DataService.swift in Sources */ = {isa = PBXBuildFile; fileRef = A8BCA2C21F8096E600F330A5 /* DataService.swift */; };
		A8BCA2C51F80972E00F330A5 /* Constants.swift in Sources */ = {isa = PBXBuildFile; fileRef = A8BCA2C41F80972E00F330A5 /* Constants.swift */; };
		A8BCA2C81F80BA6E00F330A5 /* RootVC.swift in Sources */ = {isa = PBXBuildFile; fileRef = A8BCA2C61F80BA6E00F330A5 /* RootVC.swift */; };
		A8BCA2CF1F818A3C00F330A5 /* IntExtension.swift in Sources */ = {isa = PBXBuildFile; fileRef = A8BCA2CE1F818A3C00F330A5 /* IntExtension.swift */; };
		A8BCA2D61F81FA3800F330A5 /* BikePointAnnotation.swift in Sources */ = {isa = PBXBuildFile; fileRef = A8BCA2D51F81FA3800F330A5 /* BikePointAnnotation.swift */; };
/* End PBXBuildFile section */

/* Begin PBXContainerItemProxy section */
		A8BCA29E1F8077F200F330A5 /* PBXContainerItemProxy */ = {
			isa = PBXContainerItemProxy;
			containerPortal = A8BCA2811F8077F100F330A5 /* Project object */;
			proxyType = 1;
			remoteGlobalIDString = A8BCA2881F8077F100F330A5;
			remoteInfo = LABikes;
		};
		A8BCA2A91F8077F200F330A5 /* PBXContainerItemProxy */ = {
			isa = PBXContainerItemProxy;
			containerPortal = A8BCA2811F8077F100F330A5 /* Project object */;
			proxyType = 1;
			remoteGlobalIDString = A8BCA2881F8077F100F330A5;
			remoteInfo = LABikes;
		};
/* End PBXContainerItemProxy section */

/* Begin PBXFileReference section */
		A82D85801F9C4C2A008F9A8C /* ListVC.swift */ = {isa = PBXFileReference; lastKnownFileType = sourcecode.swift; path = ListVC.swift; sourceTree = "<group>"; };
		A82D85C31F9D5523008F9A8C /* Base */ = {isa = PBXFileReference; lastKnownFileType = file.storyboard; name = Base; path = Base.lproj/Main.storyboard; sourceTree = "<group>"; };
		A82D85CF1FA5435A008F9A8C /* BikeCell.swift */ = {isa = PBXFileReference; lastKnownFileType = sourcecode.swift; path = BikeCell.swift; sourceTree = "<group>"; };
		A82D85DD1FA642EC008F9A8C /* MapPopUpVC.swift */ = {isa = PBXFileReference; lastKnownFileType = sourcecode.swift; path = MapPopUpVC.swift; sourceTree = "<group>"; };
		A82D85DF1FA6757A008F9A8C /* MapPopUpView.xib */ = {isa = PBXFileReference; lastKnownFileType = file.xib; path = MapPopUpView.xib; sourceTree = "<group>"; };
		A8717CE41FA6DF3900B36FB2 /* ViewExtension.swift */ = {isa = PBXFileReference; lastKnownFileType = sourcecode.swift; path = ViewExtension.swift; sourceTree = "<group>"; };
		A8BCA2891F8077F100F330A5 /* LABikes.app */ = {isa = PBXFileReference; explicitFileType = wrapper.application; includeInIndex = 0; path = LABikes.app; sourceTree = BUILT_PRODUCTS_DIR; };
		A8BCA28C1F8077F100F330A5 /* AppDelegate.swift */ = {isa = PBXFileReference; lastKnownFileType = sourcecode.swift; path = AppDelegate.swift; sourceTree = "<group>"; };
		A8BCA2931F8077F100F330A5 /* Assets.xcassets */ = {isa = PBXFileReference; lastKnownFileType = folder.assetcatalog; path = Assets.xcassets; sourceTree = "<group>"; };
		A8BCA2961F8077F100F330A5 /* Base */ = {isa = PBXFileReference; lastKnownFileType = file.storyboard; name = Base; path = Base.lproj/LaunchScreen.storyboard; sourceTree = "<group>"; };
		A8BCA2981F8077F100F330A5 /* Info.plist */ = {isa = PBXFileReference; lastKnownFileType = text.plist.xml; path = Info.plist; sourceTree = "<group>"; };
		A8BCA29D1F8077F200F330A5 /* LABikesTests.xctest */ = {isa = PBXFileReference; explicitFileType = wrapper.cfbundle; includeInIndex = 0; path = LABikesTests.xctest; sourceTree = BUILT_PRODUCTS_DIR; };
		A8BCA2A11F8077F200F330A5 /* LABikesTests.swift */ = {isa = PBXFileReference; lastKnownFileType = sourcecode.swift; path = LABikesTests.swift; sourceTree = "<group>"; };
		A8BCA2A31F8077F200F330A5 /* Info.plist */ = {isa = PBXFileReference; lastKnownFileType = text.plist.xml; path = Info.plist; sourceTree = "<group>"; };
		A8BCA2A81F8077F200F330A5 /* LABikesUITests.xctest */ = {isa = PBXFileReference; explicitFileType = wrapper.cfbundle; includeInIndex = 0; path = LABikesUITests.xctest; sourceTree = BUILT_PRODUCTS_DIR; };
		A8BCA2AC1F8077F200F330A5 /* LABikesUITests.swift */ = {isa = PBXFileReference; lastKnownFileType = sourcecode.swift; path = LABikesUITests.swift; sourceTree = "<group>"; };
		A8BCA2AE1F8077F200F330A5 /* Info.plist */ = {isa = PBXFileReference; lastKnownFileType = text.plist.xml; path = Info.plist; sourceTree = "<group>"; };
		A8BCA2C01F807CAB00F330A5 /* Bike.swift */ = {isa = PBXFileReference; lastKnownFileType = sourcecode.swift; path = Bike.swift; sourceTree = "<group>"; };
		A8BCA2C21F8096E600F330A5 /* DataService.swift */ = {isa = PBXFileReference; lastKnownFileType = sourcecode.swift; path = DataService.swift; sourceTree = "<group>"; };
		A8BCA2C41F80972E00F330A5 /* Constants.swift */ = {isa = PBXFileReference; lastKnownFileType = sourcecode.swift; path = Constants.swift; sourceTree = "<group>"; };
		A8BCA2C61F80BA6E00F330A5 /* RootVC.swift */ = {isa = PBXFileReference; lastKnownFileType = sourcecode.swift; path = RootVC.swift; sourceTree = "<group>"; };
		A8BCA2CE1F818A3C00F330A5 /* IntExtension.swift */ = {isa = PBXFileReference; lastKnownFileType = sourcecode.swift; path = IntExtension.swift; sourceTree = "<group>"; };
		A8BCA2D51F81FA3800F330A5 /* BikePointAnnotation.swift */ = {isa = PBXFileReference; lastKnownFileType = sourcecode.swift; path = BikePointAnnotation.swift; sourceTree = "<group>"; };
/* End PBXFileReference section */

/* Begin PBXFrameworksBuildPhase section */
		A8BCA2861F8077F100F330A5 /* Frameworks */ = {
			isa = PBXFrameworksBuildPhase;
			buildActionMask = 2147483647;
			files = (
			);
			runOnlyForDeploymentPostprocessing = 0;
		};
		A8BCA29A1F8077F200F330A5 /* Frameworks */ = {
			isa = PBXFrameworksBuildPhase;
			buildActionMask = 2147483647;
			files = (
			);
			runOnlyForDeploymentPostprocessing = 0;
		};
		A8BCA2A51F8077F200F330A5 /* Frameworks */ = {
			isa = PBXFrameworksBuildPhase;
			buildActionMask = 2147483647;
			files = (
			);
			runOnlyForDeploymentPostprocessing = 0;
		};
/* End PBXFrameworksBuildPhase section */

/* Begin PBXGroup section */
		A8BCA2801F8077F100F330A5 = {
			isa = PBXGroup;
			children = (
				A8BCA28B1F8077F100F330A5 /* LABikes */,
				A8BCA2A01F8077F200F330A5 /* LABikesTests */,
				A8BCA2AB1F8077F200F330A5 /* LABikesUITests */,
				A8BCA28A1F8077F100F330A5 /* Products */,
			);
			sourceTree = "<group>";
		};
		A8BCA28A1F8077F100F330A5 /* Products */ = {
			isa = PBXGroup;
			children = (
				A8BCA2891F8077F100F330A5 /* LABikes.app */,
				A8BCA29D1F8077F200F330A5 /* LABikesTests.xctest */,
				A8BCA2A81F8077F200F330A5 /* LABikesUITests.xctest */,
			);
			name = Products;
			sourceTree = "<group>";
		};
		A8BCA28B1F8077F100F330A5 /* LABikes */ = {
			isa = PBXGroup;
			children = (
				A8BCA2BF1F807AA400F330A5 /* Utils */,
				A8BCA2BD1F807A8000F330A5 /* Services */,
				A8BCA2BC1F807A7B00F330A5 /* Model */,
				A8BCA2BB1F807A7500F330A5 /* View */,
				A8BCA2BA1F807A6800F330A5 /* Controller */,
				A8BCA28C1F8077F100F330A5 /* AppDelegate.swift */,
				A8BCA2931F8077F100F330A5 /* Assets.xcassets */,
				A8BCA2951F8077F100F330A5 /* LaunchScreen.storyboard */,
				A8BCA2981F8077F100F330A5 /* Info.plist */,
			);
			path = LABikes;
			sourceTree = "<group>";
		};
		A8BCA2A01F8077F200F330A5 /* LABikesTests */ = {
			isa = PBXGroup;
			children = (
				A8BCA2A11F8077F200F330A5 /* LABikesTests.swift */,
				A8BCA2A31F8077F200F330A5 /* Info.plist */,
			);
			path = LABikesTests;
			sourceTree = "<group>";
		};
		A8BCA2AB1F8077F200F330A5 /* LABikesUITests */ = {
			isa = PBXGroup;
			children = (
				A8BCA2AC1F8077F200F330A5 /* LABikesUITests.swift */,
				A8BCA2AE1F8077F200F330A5 /* Info.plist */,
			);
			path = LABikesUITests;
			sourceTree = "<group>";
		};
		A8BCA2BA1F807A6800F330A5 /* Controller */ = {
			isa = PBXGroup;
			children = (
				A8BCA2C61F80BA6E00F330A5 /* RootVC.swift */,
				A82D85801F9C4C2A008F9A8C /* ListVC.swift */,
				A82D85DD1FA642EC008F9A8C /* MapPopUpVC.swift */,
			);
			path = Controller;
			sourceTree = "<group>";
		};
		A8BCA2BB1F807A7500F330A5 /* View */ = {
			isa = PBXGroup;
			children = (
				A82D85C41F9D5523008F9A8C /* Main.storyboard */,
				A82D85CF1FA5435A008F9A8C /* BikeCell.swift */,
				A82D85DF1FA6757A008F9A8C /* MapPopUpView.xib */,
			);
			path = View;
			sourceTree = "<group>";
		};
		A8BCA2BC1F807A7B00F330A5 /* Model */ = {
			isa = PBXGroup;
			children = (
				A8BCA2C01F807CAB00F330A5 /* Bike.swift */,
				A8BCA2D51F81FA3800F330A5 /* BikePointAnnotation.swift */,
			);
			path = Model;
			sourceTree = "<group>";
		};
		A8BCA2BD1F807A8000F330A5 /* Services */ = {
			isa = PBXGroup;
			children = (
				A8BCA2C21F8096E600F330A5 /* DataService.swift */,
			);
			path = Services;
			sourceTree = "<group>";
		};
		A8BCA2BF1F807AA400F330A5 /* Utils */ = {
			isa = PBXGroup;
			children = (
				A8BCA2C41F80972E00F330A5 /* Constants.swift */,
				A8BCA2CE1F818A3C00F330A5 /* IntExtension.swift */,
				A8717CE41FA6DF3900B36FB2 /* ViewExtension.swift */,
			);
			path = Utils;
			sourceTree = "<group>";
		};
/* End PBXGroup section */

/* Begin PBXNativeTarget section */
		A8BCA2881F8077F100F330A5 /* LABikes */ = {
			isa = PBXNativeTarget;
			buildConfigurationList = A8BCA2B11F8077F200F330A5 /* Build configuration list for PBXNativeTarget "LABikes" */;
			buildPhases = (
				A8BCA2851F8077F100F330A5 /* Sources */,
				A8BCA2861F8077F100F330A5 /* Frameworks */,
				A8BCA2871F8077F100F330A5 /* Resources */,
			);
			buildRules = (
			);
			dependencies = (
			);
			name = LABikes;
			productName = LABikes;
			productReference = A8BCA2891F8077F100F330A5 /* LABikes.app */;
			productType = "com.apple.product-type.application";
		};
		A8BCA29C1F8077F200F330A5 /* LABikesTests */ = {
			isa = PBXNativeTarget;
			buildConfigurationList = A8BCA2B41F8077F200F330A5 /* Build configuration list for PBXNativeTarget "LABikesTests" */;
			buildPhases = (
				A8BCA2991F8077F200F330A5 /* Sources */,
				A8BCA29A1F8077F200F330A5 /* Frameworks */,
				A8BCA29B1F8077F200F330A5 /* Resources */,
			);
			buildRules = (
			);
			dependencies = (
				A8BCA29F1F8077F200F330A5 /* PBXTargetDependency */,
			);
			name = LABikesTests;
			productName = LABikesTests;
			productReference = A8BCA29D1F8077F200F330A5 /* LABikesTests.xctest */;
			productType = "com.apple.product-type.bundle.unit-test";
		};
		A8BCA2A71F8077F200F330A5 /* LABikesUITests */ = {
			isa = PBXNativeTarget;
			buildConfigurationList = A8BCA2B71F8077F200F330A5 /* Build configuration list for PBXNativeTarget "LABikesUITests" */;
			buildPhases = (
				A8BCA2A41F8077F200F330A5 /* Sources */,
				A8BCA2A51F8077F200F330A5 /* Frameworks */,
				A8BCA2A61F8077F200F330A5 /* Resources */,
			);
			buildRules = (
			);
			dependencies = (
				A8BCA2AA1F8077F200F330A5 /* PBXTargetDependency */,
			);
			name = LABikesUITests;
			productName = LABikesUITests;
			productReference = A8BCA2A81F8077F200F330A5 /* LABikesUITests.xctest */;
			productType = "com.apple.product-type.bundle.ui-testing";
		};
/* End PBXNativeTarget section */

/* Begin PBXProject section */
		A8BCA2811F8077F100F330A5 /* Project object */ = {
			isa = PBXProject;
			attributes = {
				LastSwiftUpdateCheck = 0900;
				LastUpgradeCheck = 0900;
				ORGANIZATIONNAME = "Matt Deuschle";
				TargetAttributes = {
					A8BCA2881F8077F100F330A5 = {
						CreatedOnToolsVersion = 9.0;
						ProvisioningStyle = Automatic;
					};
					A8BCA29C1F8077F200F330A5 = {
						CreatedOnToolsVersion = 9.0;
						ProvisioningStyle = Automatic;
						TestTargetID = A8BCA2881F8077F100F330A5;
					};
					A8BCA2A71F8077F200F330A5 = {
						CreatedOnToolsVersion = 9.0;
						ProvisioningStyle = Automatic;
						TestTargetID = A8BCA2881F8077F100F330A5;
					};
				};
			};
			buildConfigurationList = A8BCA2841F8077F100F330A5 /* Build configuration list for PBXProject "LABikes" */;
			compatibilityVersion = "Xcode 8.0";
			developmentRegion = en;
			hasScannedForEncodings = 0;
			knownRegions = (
				en,
				Base,
			);
			mainGroup = A8BCA2801F8077F100F330A5;
			productRefGroup = A8BCA28A1F8077F100F330A5 /* Products */;
			projectDirPath = "";
			projectRoot = "";
			targets = (
				A8BCA2881F8077F100F330A5 /* LABikes */,
				A8BCA29C1F8077F200F330A5 /* LABikesTests */,
				A8BCA2A71F8077F200F330A5 /* LABikesUITests */,
			);
		};
/* End PBXProject section */

/* Begin PBXResourcesBuildPhase section */
		A8BCA2871F8077F100F330A5 /* Resources */ = {
			isa = PBXResourcesBuildPhase;
			buildActionMask = 2147483647;
			files = (
				A8BCA2971F8077F100F330A5 /* LaunchScreen.storyboard in Resources */,
				A82D85C21F9D5523008F9A8C /* Main.storyboard in Resources */,
				A82D85E01FA6757A008F9A8C /* MapPopUpView.xib in Resources */,
				A8BCA2941F8077F100F330A5 /* Assets.xcassets in Resources */,
			);
			runOnlyForDeploymentPostprocessing = 0;
		};
		A8BCA29B1F8077F200F330A5 /* Resources */ = {
			isa = PBXResourcesBuildPhase;
			buildActionMask = 2147483647;
			files = (
			);
			runOnlyForDeploymentPostprocessing = 0;
		};
		A8BCA2A61F8077F200F330A5 /* Resources */ = {
			isa = PBXResourcesBuildPhase;
			buildActionMask = 2147483647;
			files = (
			);
			runOnlyForDeploymentPostprocessing = 0;
		};
/* End PBXResourcesBuildPhase section */

/* Begin PBXSourcesBuildPhase section */
		A8BCA2851F8077F100F330A5 /* Sources */ = {
			isa = PBXSourcesBuildPhase;
			buildActionMask = 2147483647;
			files = (
				A8BCA2C31F8096E600F330A5 /* DataService.swift in Sources */,
				A82D85821F9C4C2A008F9A8C /* ListVC.swift in Sources */,
				A8BCA2C11F807CAB00F330A5 /* Bike.swift in Sources */,
				A8BCA2CF1F818A3C00F330A5 /* IntExtension.swift in Sources */,
				A8BCA2C81F80BA6E00F330A5 /* RootVC.swift in Sources */,
				A8BCA2D61F81FA3800F330A5 /* BikePointAnnotation.swift in Sources */,
				A8717CE51FA6DF3900B36FB2 /* ViewExtension.swift in Sources */,
				A82D85DE1FA642EC008F9A8C /* MapPopUpVC.swift in Sources */,
				A8BCA28D1F8077F100F330A5 /* AppDelegate.swift in Sources */,
				A82D85D01FA5435B008F9A8C /* BikeCell.swift in Sources */,
				A8BCA2C51F80972E00F330A5 /* Constants.swift in Sources */,
			);
			runOnlyForDeploymentPostprocessing = 0;
		};
		A8BCA2991F8077F200F330A5 /* Sources */ = {
			isa = PBXSourcesBuildPhase;
			buildActionMask = 2147483647;
			files = (
				A8BCA2A21F8077F200F330A5 /* LABikesTests.swift in Sources */,
			);
			runOnlyForDeploymentPostprocessing = 0;
		};
		A8BCA2A41F8077F200F330A5 /* Sources */ = {
			isa = PBXSourcesBuildPhase;
			buildActionMask = 2147483647;
			files = (
				A8BCA2AD1F8077F200F330A5 /* LABikesUITests.swift in Sources */,
			);
			runOnlyForDeploymentPostprocessing = 0;
		};
/* End PBXSourcesBuildPhase section */

/* Begin PBXTargetDependency section */
		A8BCA29F1F8077F200F330A5 /* PBXTargetDependency */ = {
			isa = PBXTargetDependency;
			target = A8BCA2881F8077F100F330A5 /* LABikes */;
			targetProxy = A8BCA29E1F8077F200F330A5 /* PBXContainerItemProxy */;
		};
		A8BCA2AA1F8077F200F330A5 /* PBXTargetDependency */ = {
			isa = PBXTargetDependency;
			target = A8BCA2881F8077F100F330A5 /* LABikes */;
			targetProxy = A8BCA2A91F8077F200F330A5 /* PBXContainerItemProxy */;
		};
/* End PBXTargetDependency section */

/* Begin PBXVariantGroup section */
		A82D85C41F9D5523008F9A8C /* Main.storyboard */ = {
			isa = PBXVariantGroup;
			children = (
				A82D85C31F9D5523008F9A8C /* Base */,
			);
			name = Main.storyboard;
			sourceTree = "<group>";
		};
		A8BCA2951F8077F100F330A5 /* LaunchScreen.storyboard */ = {
			isa = PBXVariantGroup;
			children = (
				A8BCA2961F8077F100F330A5 /* Base */,
			);
			name = LaunchScreen.storyboard;
			sourceTree = "<group>";
		};
/* End PBXVariantGroup section */

/* Begin XCBuildConfiguration section */
		A8BCA2AF1F8077F200F330A5 /* Debug */ = {
			isa = XCBuildConfiguration;
			buildSettings = {
				ALWAYS_SEARCH_USER_PATHS = NO;
				CLANG_ANALYZER_NONNULL = YES;
				CLANG_ANALYZER_NUMBER_OBJECT_CONVERSION = YES_AGGRESSIVE;
				CLANG_CXX_LANGUAGE_STANDARD = "gnu++14";
				CLANG_CXX_LIBRARY = "libc++";
				CLANG_ENABLE_MODULES = YES;
				CLANG_ENABLE_OBJC_ARC = YES;
				CLANG_WARN_BLOCK_CAPTURE_AUTORELEASING = YES;
				CLANG_WARN_BOOL_CONVERSION = YES;
				CLANG_WARN_COMMA = YES;
				CLANG_WARN_CONSTANT_CONVERSION = YES;
				CLANG_WARN_DIRECT_OBJC_ISA_USAGE = YES_ERROR;
				CLANG_WARN_DOCUMENTATION_COMMENTS = YES;
				CLANG_WARN_EMPTY_BODY = YES;
				CLANG_WARN_ENUM_CONVERSION = YES;
				CLANG_WARN_INFINITE_RECURSION = YES;
				CLANG_WARN_INT_CONVERSION = YES;
				CLANG_WARN_NON_LITERAL_NULL_CONVERSION = YES;
				CLANG_WARN_OBJC_LITERAL_CONVERSION = YES;
				CLANG_WARN_OBJC_ROOT_CLASS = YES_ERROR;
				CLANG_WARN_RANGE_LOOP_ANALYSIS = YES;
				CLANG_WARN_STRICT_PROTOTYPES = YES;
				CLANG_WARN_SUSPICIOUS_MOVE = YES;
				CLANG_WARN_UNGUARDED_AVAILABILITY = YES_AGGRESSIVE;
				CLANG_WARN_UNREACHABLE_CODE = YES;
				CLANG_WARN__DUPLICATE_METHOD_MATCH = YES;
				CODE_SIGN_IDENTITY = "iPhone Developer";
				COPY_PHASE_STRIP = NO;
				DEBUG_INFORMATION_FORMAT = dwarf;
				ENABLE_STRICT_OBJC_MSGSEND = YES;
				ENABLE_TESTABILITY = YES;
				GCC_C_LANGUAGE_STANDARD = gnu11;
				GCC_DYNAMIC_NO_PIC = NO;
				GCC_NO_COMMON_BLOCKS = YES;
				GCC_OPTIMIZATION_LEVEL = 0;
				GCC_PREPROCESSOR_DEFINITIONS = (
					"DEBUG=1",
					"$(inherited)",
				);
				GCC_WARN_64_TO_32_BIT_CONVERSION = YES;
				GCC_WARN_ABOUT_RETURN_TYPE = YES_ERROR;
				GCC_WARN_UNDECLARED_SELECTOR = YES;
				GCC_WARN_UNINITIALIZED_AUTOS = YES_AGGRESSIVE;
				GCC_WARN_UNUSED_FUNCTION = YES;
				GCC_WARN_UNUSED_VARIABLE = YES;
				IPHONEOS_DEPLOYMENT_TARGET = 11.0;
				MTL_ENABLE_DEBUG_INFO = YES;
				ONLY_ACTIVE_ARCH = YES;
				SDKROOT = iphoneos;
				SWIFT_ACTIVE_COMPILATION_CONDITIONS = DEBUG;
				SWIFT_OPTIMIZATION_LEVEL = "-Onone";
			};
			name = Debug;
		};
		A8BCA2B01F8077F200F330A5 /* Release */ = {
			isa = XCBuildConfiguration;
			buildSettings = {
				ALWAYS_SEARCH_USER_PATHS = NO;
				CLANG_ANALYZER_NONNULL = YES;
				CLANG_ANALYZER_NUMBER_OBJECT_CONVERSION = YES_AGGRESSIVE;
				CLANG_CXX_LANGUAGE_STANDARD = "gnu++14";
				CLANG_CXX_LIBRARY = "libc++";
				CLANG_ENABLE_MODULES = YES;
				CLANG_ENABLE_OBJC_ARC = YES;
				CLANG_WARN_BLOCK_CAPTURE_AUTORELEASING = YES;
				CLANG_WARN_BOOL_CONVERSION = YES;
				CLANG_WARN_COMMA = YES;
				CLANG_WARN_CONSTANT_CONVERSION = YES;
				CLANG_WARN_DIRECT_OBJC_ISA_USAGE = YES_ERROR;
				CLANG_WARN_DOCUMENTATION_COMMENTS = YES;
				CLANG_WARN_EMPTY_BODY = YES;
				CLANG_WARN_ENUM_CONVERSION = YES;
				CLANG_WARN_INFINITE_RECURSION = YES;
				CLANG_WARN_INT_CONVERSION = YES;
				CLANG_WARN_NON_LITERAL_NULL_CONVERSION = YES;
				CLANG_WARN_OBJC_LITERAL_CONVERSION = YES;
				CLANG_WARN_OBJC_ROOT_CLASS = YES_ERROR;
				CLANG_WARN_RANGE_LOOP_ANALYSIS = YES;
				CLANG_WARN_STRICT_PROTOTYPES = YES;
				CLANG_WARN_SUSPICIOUS_MOVE = YES;
				CLANG_WARN_UNGUARDED_AVAILABILITY = YES_AGGRESSIVE;
				CLANG_WARN_UNREACHABLE_CODE = YES;
				CLANG_WARN__DUPLICATE_METHOD_MATCH = YES;
				CODE_SIGN_IDENTITY = "iPhone Developer";
				COPY_PHASE_STRIP = NO;
				DEBUG_INFORMATION_FORMAT = "dwarf-with-dsym";
				ENABLE_NS_ASSERTIONS = NO;
				ENABLE_STRICT_OBJC_MSGSEND = YES;
				GCC_C_LANGUAGE_STANDARD = gnu11;
				GCC_NO_COMMON_BLOCKS = YES;
				GCC_WARN_64_TO_32_BIT_CONVERSION = YES;
				GCC_WARN_ABOUT_RETURN_TYPE = YES_ERROR;
				GCC_WARN_UNDECLARED_SELECTOR = YES;
				GCC_WARN_UNINITIALIZED_AUTOS = YES_AGGRESSIVE;
				GCC_WARN_UNUSED_FUNCTION = YES;
				GCC_WARN_UNUSED_VARIABLE = YES;
				IPHONEOS_DEPLOYMENT_TARGET = 11.0;
				MTL_ENABLE_DEBUG_INFO = NO;
				SDKROOT = iphoneos;
				SWIFT_OPTIMIZATION_LEVEL = "-Owholemodule";
				VALIDATE_PRODUCT = YES;
			};
			name = Release;
		};
		A8BCA2B21F8077F200F330A5 /* Debug */ = {
			isa = XCBuildConfiguration;
			buildSettings = {
				ASSETCATALOG_COMPILER_APPICON_NAME = AppIcon;
				CODE_SIGN_STYLE = Automatic;
				DEVELOPMENT_TEAM = 3DKZWJ5854;
				INFOPLIST_FILE = LABikes/Info.plist;
				IPHONEOS_DEPLOYMENT_TARGET = 11.0;
				LD_RUNPATH_SEARCH_PATHS = "$(inherited) @executable_path/Frameworks";
				PRODUCT_BUNDLE_IDENTIFIER = com.matt.deuschle.LABikes;
				PRODUCT_NAME = "$(TARGET_NAME)";
				SWIFT_VERSION = 4.0;
				TARGETED_DEVICE_FAMILY = "1,2";
			};
			name = Debug;
		};
		A8BCA2B31F8077F200F330A5 /* Release */ = {
			isa = XCBuildConfiguration;
			buildSettings = {
				ASSETCATALOG_COMPILER_APPICON_NAME = AppIcon;
				CODE_SIGN_STYLE = Automatic;
				DEVELOPMENT_TEAM = 3DKZWJ5854;
				INFOPLIST_FILE = LABikes/Info.plist;
				IPHONEOS_DEPLOYMENT_TARGET = 11.0;
				LD_RUNPATH_SEARCH_PATHS = "$(inherited) @executable_path/Frameworks";
				PRODUCT_BUNDLE_IDENTIFIER = com.matt.deuschle.LABikes;
				PRODUCT_NAME = "$(TARGET_NAME)";
				SWIFT_VERSION = 4.0;
				TARGETED_DEVICE_FAMILY = "1,2";
			};
			name = Release;
		};
		A8BCA2B51F8077F200F330A5 /* Debug */ = {
			isa = XCBuildConfiguration;
			buildSettings = {
				ALWAYS_EMBED_SWIFT_STANDARD_LIBRARIES = YES;
				BUNDLE_LOADER = "$(TEST_HOST)";
				CODE_SIGN_STYLE = Automatic;
				DEVELOPMENT_TEAM = 3DKZWJ5854;
				INFOPLIST_FILE = LABikesTests/Info.plist;
				LD_RUNPATH_SEARCH_PATHS = "$(inherited) @executable_path/Frameworks @loader_path/Frameworks";
				PRODUCT_BUNDLE_IDENTIFIER = com.matt.deuschle.LABikesTests;
				PRODUCT_NAME = "$(TARGET_NAME)";
				SWIFT_VERSION = 4.0;
				TARGETED_DEVICE_FAMILY = "1,2";
				TEST_HOST = "$(BUILT_PRODUCTS_DIR)/LABikes.app/LABikes";
			};
			name = Debug;
		};
		A8BCA2B61F8077F200F330A5 /* Release */ = {
			isa = XCBuildConfiguration;
			buildSettings = {
				ALWAYS_EMBED_SWIFT_STANDARD_LIBRARIES = YES;
				BUNDLE_LOADER = "$(TEST_HOST)";
				CODE_SIGN_STYLE = Automatic;
				DEVELOPMENT_TEAM = 3DKZWJ5854;
				INFOPLIST_FILE = LABikesTests/Info.plist;
				LD_RUNPATH_SEARCH_PATHS = "$(inherited) @executable_path/Frameworks @loader_path/Frameworks";
				PRODUCT_BUNDLE_IDENTIFIER = com.matt.deuschle.LABikesTests;
				PRODUCT_NAME = "$(TARGET_NAME)";
				SWIFT_VERSION = 4.0;
				TARGETED_DEVICE_FAMILY = "1,2";
				TEST_HOST = "$(BUILT_PRODUCTS_DIR)/LABikes.app/LABikes";
			};
			name = Release;
		};
		A8BCA2B81F8077F200F330A5 /* Debug */ = {
			isa = XCBuildConfiguration;
			buildSettings = {
				ALWAYS_EMBED_SWIFT_STANDARD_LIBRARIES = YES;
				CODE_SIGN_STYLE = Automatic;
				DEVELOPMENT_TEAM = 3DKZWJ5854;
				INFOPLIST_FILE = LABikesUITests/Info.plist;
				LD_RUNPATH_SEARCH_PATHS = "$(inherited) @executable_path/Frameworks @loader_path/Frameworks";
				PRODUCT_BUNDLE_IDENTIFIER = com.matt.deuschle.LABikesUITests;
				PRODUCT_NAME = "$(TARGET_NAME)";
				SWIFT_VERSION = 4.0;
				TARGETED_DEVICE_FAMILY = "1,2";
				TEST_TARGET_NAME = LABikes;
			};
			name = Debug;
		};
		A8BCA2B91F8077F200F330A5 /* Release */ = {
			isa = XCBuildConfiguration;
			buildSettings = {
				ALWAYS_EMBED_SWIFT_STANDARD_LIBRARIES = YES;
				CODE_SIGN_STYLE = Automatic;
				DEVELOPMENT_TEAM = 3DKZWJ5854;
				INFOPLIST_FILE = LABikesUITests/Info.plist;
				LD_RUNPATH_SEARCH_PATHS = "$(inherited) @executable_path/Frameworks @loader_path/Frameworks";
				PRODUCT_BUNDLE_IDENTIFIER = com.matt.deuschle.LABikesUITests;
				PRODUCT_NAME = "$(TARGET_NAME)";
				SWIFT_VERSION = 4.0;
				TARGETED_DEVICE_FAMILY = "1,2";
				TEST_TARGET_NAME = LABikes;
			};
			name = Release;
		};
/* End XCBuildConfiguration section */

/* Begin XCConfigurationList section */
		A8BCA2841F8077F100F330A5 /* Build configuration list for PBXProject "LABikes" */ = {
			isa = XCConfigurationList;
			buildConfigurations = (
				A8BCA2AF1F8077F200F330A5 /* Debug */,
				A8BCA2B01F8077F200F330A5 /* Release */,
			);
			defaultConfigurationIsVisible = 0;
			defaultConfigurationName = Release;
		};
		A8BCA2B11F8077F200F330A5 /* Build configuration list for PBXNativeTarget "LABikes" */ = {
			isa = XCConfigurationList;
			buildConfigurations = (
				A8BCA2B21F8077F200F330A5 /* Debug */,
				A8BCA2B31F8077F200F330A5 /* Release */,
			);
			defaultConfigurationIsVisible = 0;
			defaultConfigurationName = Release;
		};
		A8BCA2B41F8077F200F330A5 /* Build configuration list for PBXNativeTarget "LABikesTests" */ = {
			isa = XCConfigurationList;
			buildConfigurations = (
				A8BCA2B51F8077F200F330A5 /* Debug */,
				A8BCA2B61F8077F200F330A5 /* Release */,
			);
			defaultConfigurationIsVisible = 0;
			defaultConfigurationName = Release;
		};
		A8BCA2B71F8077F200F330A5 /* Build configuration list for PBXNativeTarget "LABikesUITests" */ = {
			isa = XCConfigurationList;
			buildConfigurations = (
				A8BCA2B81F8077F200F330A5 /* Debug */,
				A8BCA2B91F8077F200F330A5 /* Release */,
			);
			defaultConfigurationIsVisible = 0;
			defaultConfigurationName = Release;
		};
/* End XCConfigurationList section */
	};
	rootObject = A8BCA2811F8077F100F330A5 /* Project object */;
}
